{
  "version": 2,
  "dependencies": {
    "net10.0": {
      "LTRData.DiscUtils.Iso9660": {
        "type": "Direct",
        "requested": "[1.0.89, )",
        "resolved": "1.0.89",
        "contentHash": "4neH353pC19A/KQdqkzPrFrBYMdVq2MqFMCOeJCXF1o91tfGHbkdZA/80cbqQs5Pnm8wlvo/IS+uYcUq4JGm5A==",
        "dependencies": {
          "LTRData.DiscUtils.Core": "1.0.89"
        }
      },
      "LTRData.DiscUtils.Udf": {
        "type": "Direct",
        "requested": "[1.0.89, )",
        "resolved": "1.0.89",
        "contentHash": "I7mQN8A6KRCCvnzdEl3kmwX0DmCa/alL60dwO8EiR6CM0XCRFDU5hil7/HBl7HiKBXpmVLQdbYwNG6rAZ3SIEw==",
        "dependencies": {
          "LTRData.DiscUtils.Core": "1.0.89",
          "LTRData.DiscUtils.Iso9660": "1.0.89"
        }
      },
      "SharpCompress": {
        "type": "Direct",
        "requested": "[0.50.4, )",
        "resolved": "0.50.4",
        "contentHash": "/hxjUR7DEX6mky8/LQXyrnrKioOL6D6veAID1EZpro+q4s02x5dHEYBV3qjEN6lDYYilDoQQ76BcmQj+lRx51w=="
      },
      "LTRData.DiscUtils.Core": {
        "type": "Transitive",
        "resolved": "1.0.89",
        "contentHash": "FqTBYiKuP4TYODFFGXLELiqx3Ibj00XN/SCsZuwTeP85XPPBrkQGZ+QIv4ROUyVz3dfJL7wY68m8GytSuT9Y7g==",
        "dependencies": {
          "LTRData.DiscUtils.Streams": "1.0.89"
        }
      },
      "LTRData.DiscUtils.Streams": {
        "type": "Transitive",
        "resolved": "1.0.89",
        "contentHash": "AQXgoGm/HOMo8qfIYuvY1cdNYOJ8TYIjz3/YU3VySlv9PvLrT9F6gc5bNl9AQJ/XDiOmyLaSIhvOwke5czbV4g==",
        "dependencies": {
          "LTRData.Extensions": "1.0.23"
        }
      },
      "LTRData.Extensions": {
        "type": "Transitive",
        "resolved": "1.0.23",
        "contentHash": "K+Lb4/siT7+K50r4kndp5QaJLgupf5zE4qe8QxqwF0uSAiZtodsiFc3+i9IQpkGGMDwi83isG9qYA3JOJrO7UA=="
      },
      "filecat.core": {
        "type": "Project",
        "dependencies": {
          "BouncyCastle.Cryptography": "[2.7.0, )"
        }
      },
      "BouncyCastle.Cryptography": {
        "type": "CentralTransitive",
        "requested": "[2.7.0, )",
        "resolved": "2.7.0",
        "contentHash": "U+12df8UEWHgBi04YVf/Lgi2dy3SItlIYvHjjEVa/BngCQIzDCDRBk50DDByCfDvSbe5pRNFr3b7UrVK2kMcLw=="
      }
    },
    "net10.0/linux-arm64": {},
    "net10.0/linux-x64": {},
    "net10.0/osx-arm64": {},
    "net10.0/win-arm64": {},
    "net10.0/win-x64": {}
  }
}